
Microsoft Visual Studio Solution File, Format Version 12.00
# Visual Studio Version 17
VisualStudioVersion = 17.5.002.0
MinimumVisualStudioVersion = 10.0.40219.1
Project("{2150E333-8FDC-42A3-9474-1A3956D46DE8}") = "csharp-prep", "csharp-prep", "{4F94E299-B6B8-440C-8733-13F3D566E6CA}"
EndProject
Project("{9A19103F-16F7-4668-BE54-9A1E7A4F7556}") = "Prep1", "csharp-prep\Prep1\Prep1.csproj", "{C31E5447-7B79-4BAB-BEA6-4FA98A8BCE6E}"
EndProject
Project("{9A19103F-16F7-4668-BE54-9A1E7A4F7556}") = "Prep2", "csharp-prep\Prep2\Prep2.csproj", "{1B92A3EB-7AC6-4B03-8A8E-A20EFA51F6F3}"
EndProject
Project("{9A19103F-16F7-4668-BE54-9A1E7A4F7556}") = "Prep3", "csharp-prep\Prep3\Prep3.csproj", "{8E5CD7CF-A99A-4D7F-9CE9-36852505D083}"
EndProject
Project("{9A19103F-16F7-4668-BE54-9A1E7A4F7556}") = "Prep4", "csharp-prep\Prep4\Prep4.csproj", "{5F0091EC-25D6-4738-8784-FDFEC460CE39}"
EndProject
Project("{9A19103F-16F7-4668-BE54-9A1E7A4F7556}") = "Prep5", "csharp-prep\Prep5\Prep5.csproj", "{285EDF0D-212E-4AE6-B7D9-24129D96704C}"
EndProject
Project("{2150E333-8FDC-42A3-9474-1A3956D46DE8}") = "final", "final", "{571A7CE9-C3B9-482A-B058-E749BE191CE6}"
EndProject
Project("{9A19103F-16F7-4668-BE54-9A1E7A4F7556}") = "FinalProject", "final\FinalProject\FinalProject.csproj", "{EDFAB2ED-75EC-4D3F-B5EA-89E737EC195F}"
EndProject
Project("{9A19103F-16F7-4668-BE54-9A1E7A4F7556}") = "Foundation1", "final\Foundation1\Foundation1.csproj", "{FD28E693-5283-473B-8327-B2D767A47A06}"
EndProject
Project("{9A19103F-16F7-4668-BE54-9A1E7A4F7556}") = "Foundation2", "final\Foundation2\Foundation2.csproj", "{E25911EF-D378-4A83-A247-564CC76D0FB3}"
EndProject
Project("{9A19103F-16F7-4668-BE54-9A1E7A4F7556}") = "Foundation3", "final\Foundation3\Foundation3.csproj", "{C32FC037-8CBF-49B9-A51E-CD20010FDF4F}"
EndProject
Project("{9A19103F-16F7-4668-BE54-9A1E7A4F7556}") = "Foundation4", "final\Foundation4\Foundation4.csproj", "{A038F708-B3E7-459D-8409-429D9CE31DCE}"
EndProject
Project("{2150E333-8FDC-42A3-9474-1A3956D46DE8}") = "prepare", "prepare", "{EB101C50-F066-4EA3-9BB3-4F08B9E390E5}"
EndProject
Project("{9A19103F-16F7-4668-BE54-9A1E7A4F7556}") = "Learning02", "prepare\Learning02\Learning02.csproj", "{291A0229-ED4B-4516-85DF-6B4DFF541E78}"
EndProject
Project("{9A19103F-16F7-4668-BE54-9A1E7A4F7556}") = "Learning03", "prepare\Learning03\Learning03.csproj", "{47FA65FE-4AEC-4C03-A71A-CBE5B58380C2}"
EndProject
Project("{9A19103F-16F7-4668-BE54-9A1E7A4F7556}") = "Learning04", "prepare\Learning04\Learning04.csproj", "{3F2CFAB7-F054-460C-BA37-8CB05A0D4C63}"
EndProject
Project("{9A19103F-16F7-4668-BE54-9A1E7A4F7556}") = "Learning05", "prepare\Learning05\Learning05.csproj", "{20CE62E9-6819-460F-8B78-11991EAF93F5}"
EndProject
Project("{2150E333-8FDC-42A3-9474-1A3956D46DE8}") = "prove", "prove", "{15FB4697-1762-41A2-A975-65540B1720D2}"
EndProject
Project("{9A19103F-16F7-4668-BE54-9A1E7A4F7556}") = "Develop02", "prove\Develop02\Develop02.csproj", "{FA6FB235-7DD4-4DE1-8585-74617A0C71EB}"
EndProject
Project("{9A19103F-16F7-4668-BE54-9A1E7A4F7556}") = "Develop03", "prove\Develop03\Develop03.csproj", "{B3B87A8E-DAC0-460B-8BE4-053BB13CCABB}"
EndProject
Project("{9A19103F-16F7-4668-BE54-9A1E7A4F7556}") = "Develop04", "prove\Develop04\Develop04.csproj", "{415F245B-74A5-4625-A594-D5C1117BFB33}"
EndProject
Project("{9A19103F-16F7-4668-BE54-9A1E7A4F7556}") = "Develop05", "prove\Develop05\Develop05.csproj", "{3E4FB668-8587-429F-A2B7-DB030C47030F}"
EndProject
Project("{2150E333-8FDC-42A3-9474-1A3956D46DE8}") = "sandbox", "sandbox", "{C31F1034-581E-44A9-BB0F-C960E0C93588}"
EndProject
Project("{9A19103F-16F7-4668-BE54-9A1E7A4F7556}") = "Sandbox", "sandbox\Sandbox\Sandbox.csproj", "{A3F7C698-053A-4444-A419-C9E804D0127C}"
EndProject
Global
	GlobalSection(SolutionConfigurationPlatforms) = preSolution
		Debug|Any CPU = Debug|Any CPU
		Release|Any CPU = Release|Any CPU
	EndGlobalSection
	GlobalSection(ProjectConfigurationPlatforms) = postSolution
		{C31E5447-7B79-4BAB-BEA6-4FA98A8BCE6E}.Debug|Any CPU.ActiveCfg = Debug|Any CPU
		{C31E5447-7B79-4BAB-BEA6-4FA98A8BCE6E}.Debug|Any CPU.Build.0 = Debug|Any CPU
		{C31E5447-7B79-4BAB-BEA6-4FA98A8BCE6E}.Release|Any CPU.ActiveCfg = Release|Any CPU
		{C31E5447-7B79-4BAB-BEA6-4FA98A8BCE6E}.Release|Any CPU.Build.0 = Release|Any CPU
		{1B92A3EB-7AC6-4B03-8A8E-A20EFA51F6F3}.Debug|Any CPU.ActiveCfg = Debug|Any CPU
		{1B92A3EB-7AC6-4B03-8A8E-A20EFA51F6F3}.Debug|Any CPU.Build.0 = Debug|Any CPU
		{1B92A3EB-7AC6-4B03-8A8E-A20EFA51F6F3}.Release|Any CPU.ActiveCfg = Release|Any CPU
		{1B92A3EB-7AC6-4B03-8A8E-A20EFA51F6F3}.Release|Any CPU.Build.0 = Release|Any CPU
		{8E5CD7CF-A99A-4D7F-9CE9-36852505D083}.Debug|Any CPU.ActiveCfg = Debug|Any CPU
		{8E5CD7CF-A99A-4D7F-9CE9-36852505D083}.Debug|Any CPU.Build.0 = Debug|Any CPU
		{8E5CD7CF-A99A-4D7F-9CE9-36852505D083}.Release|Any CPU.ActiveCfg = Release|Any CPU
		{8E5CD7CF-A99A-4D7F-9CE9-36852505D083}.Release|Any CPU.Build.0 = Release|Any CPU
		{5F0091EC-25D6-4738-8784-FDFEC460CE39}.Debug|Any CPU.ActiveCfg = Debug|Any CPU
		{5F0091EC-25D6-4738-8784-FDFEC460CE39}.Debug|Any CPU.Build.0 = Debug|Any CPU
		{5F0091EC-25D6-4738-8784-FDFEC460CE39}.Release|Any CPU.ActiveCfg = Release|Any CPU
		{5F0091EC-25D6-4738-8784-FDFEC460CE39}.Release|Any CPU.Build.0 = Release|Any CPU
		{285EDF0D-212E-4AE6-B7D9-24129D96704C}.Debug|Any CPU.ActiveCfg = Debug|Any CPU
		{285EDF0D-212E-4AE6-B7D9-24129D96704C}.Debug|Any CPU.Build.0 = Debug|Any CPU
		{285EDF0D-212E-4AE6-B7D9-24129D96704C}.Release|Any CPU.ActiveCfg = Release|Any CPU
		{285EDF0D-212E-4AE6-B7D9-24129D96704C}.Release|Any CPU.Build.0 = Release|Any CPU
		{EDFAB2ED-75EC-4D3F-B5EA-89E737EC195F}.Debug|Any CPU.ActiveCfg = Debug|Any CPU
		{EDFAB2ED-75EC-4D3F-B5EA-89E737EC195F}.Debug|Any CPU.Build.0 = Debug|Any CPU
		{EDFAB2ED-75EC-4D3F-B5EA-89E737EC195F}.Release|Any CPU.ActiveCfg = Release|Any CPU
		{EDFAB2ED-75EC-4D3F-B5EA-89E737EC195F}.Release|Any CPU.Build.0 = Release|Any CPU
		{FD28E693-5283-473B-8327-B2D767A47A06}.Debug|Any CPU.ActiveCfg = Debug|Any CPU
		{FD28E693-5283-473B-8327-B2D767A47A06}.Debug|Any CPU.Build.0 = Debug|Any CPU
		{FD28E693-5283-473B-8327-B2D767A47A06}.Release|Any CPU.ActiveCfg = Release|Any CPU
		{FD28E693-5283-473B-8327-B2D767A47A06}.Release|Any CPU.Build.0 = Release|Any CPU
		{E25911EF-D378-4A83-A247-564CC76D0FB3}.Debug|Any CPU.ActiveCfg = Debug|Any CPU
		{E25911EF-D378-4A83-A247-564CC76D0FB3}.Debug|Any CPU.Build.0 = Debug|Any CPU
		{E25911EF-D378-4A83-A247-564CC76D0FB3}.Release|Any CPU.ActiveCfg = Release|Any CPU
		{E25911EF-D378-4A83-A247-564CC76D0FB3}.Release|Any CPU.Build.0 = Release|Any CPU
		{C32FC037-8CBF-49B9-A51E-CD20010FDF4F}.Debug|Any CPU.ActiveCfg = Debug|Any CPU
		{C32FC037-8CBF-49B9-A51E-CD20010FDF4F}.Debug|Any CPU.Build.0 = Debug|Any CPU
		{C32FC037-8CBF-49B9-A51E-CD20010FDF4F}.Release|Any CPU.ActiveCfg = Release|Any CPU
		{C32FC037-8CBF-49B9-A51E-CD20010FDF4F}.Release|Any CPU.Build.0 = Release|Any CPU
		{A038F708-B3E7-459D-8409-429D9CE31DCE}.Debug|Any CPU.ActiveCfg = Debug|Any CPU
		{A038F708-B3E7-459D-8409-429D9CE31DCE}.Debug|Any CPU.Build.0 = Debug|Any CPU
		{A038F708-B3E7-459D-8409-429D9CE31DCE}.Release|Any CPU.ActiveCfg = Release|Any CPU
		{A038F708-B3E7-459D-8409-429D9CE31DCE}.Release|Any CPU.Build.0 = Release|Any CPU
		{291A0229-ED4B-4516-85DF-6B4DFF541E78}.Debug|Any CPU.ActiveCfg = Debug|Any CPU
		{291A0229-ED4B-4516-85DF-6B4DFF541E78}.Debug|Any CPU.Build.0 = Debug|Any CPU
		{291A0229-ED4B-4516-85DF-6B4DFF541E78}.Release|Any CPU.ActiveCfg = Release|Any CPU
		{291A0229-ED4B-4516-85DF-6B4DFF541E78}.Release|Any CPU.Build.0 = Release|Any CPU
		{47FA65FE-4AEC-4C03-A71A-CBE5B58380C2}.Debug|Any CPU.ActiveCfg = Debug|Any CPU
		{47FA65FE-4AEC-4C03-A71A-CBE5B58380C2}.Debug|Any CPU.Build.0 = Debug|Any CPU
		{47FA65FE-4AEC-4C03-A71A-CBE5B58380C2}.Release|Any CPU.ActiveCfg = Release|Any CPU
		{47FA65FE-4AEC-4C03-A71A-CBE5B58380C2}.Release|Any CPU.Build.0 = Release|Any CPU
		{3F2CFAB7-F054-460C-BA37-8CB05A0D4C63}.Debug|Any CPU.ActiveCfg = Debug|Any CPU
		{3F2CFAB7-F054-460C-BA37-8CB05A0D4C63}.Debug|Any CPU.Build.0 = Debug|Any CPU
		{3F2CFAB7-F054-460C-BA37-8CB05A0D4C63}.Release|Any CPU.ActiveCfg = Release|Any CPU
		{3F2CFAB7-F054-460C-BA37-8CB05A0D4C63}.Release|Any CPU.Build.0 = Release|Any CPU
		{20CE62E9-6819-460F-8B78-11991EAF93F5}.Debug|Any CPU.ActiveCfg = Debug|Any CPU
		{20CE62E9-6819-460F-8B78-11991EAF93F5}.Debug|Any CPU.Build.0 = Debug|Any CPU
		{20CE62E9-6819-460F-8B78-11991EAF93F5}.Release|Any CPU.ActiveCfg = Release|Any CPU
		{20CE62E9-6819-460F-8B78-11991EAF93F5}.Release|Any CPU.Build.0 = Release|Any CPU
		{FA6FB235-7DD4-4DE1-8585-74617A0C71EB}.Debug|Any CPU.ActiveCfg = Debug|Any CPU
		{FA6FB235-7DD4-4DE1-8585-74617A0C71EB}.Debug|Any CPU.Build.0 = Debug|Any CPU
		{FA6FB235-7DD4-4DE1-8585-74617A0C71EB}.Release|Any CPU.ActiveCfg = Release|Any CPU
		{FA6FB235-7DD4-4DE1-8585-74617A0C71EB}.Release|Any CPU.Build.0 = Release|Any CPU
		{B3B87A8E-DAC0-460B-8BE4-053BB13CCABB}.Debug|Any CPU.ActiveCfg = Debug|Any CPU
		{B3B87A8E-DAC0-460B-8BE4-053BB13CCABB}.Debug|Any CPU.Build.0 = Debug|Any CPU
		{B3B87A8E-DAC0-460B-8BE4-053BB13CCABB}.Release|Any CPU.ActiveCfg = Release|Any CPU
		{B3B87A8E-DAC0-460B-8BE4-053BB13CCABB}.Release|Any CPU.Build.0 = Release|Any CPU
		{415F245B-74A5-4625-A594-D5C1117BFB33}.Debug|Any CPU.ActiveCfg = Debug|Any CPU
		{415F245B-74A5-4625-A594-D5C1117BFB33}.Debug|Any CPU.Build.0 = Debug|Any CPU
		{415F245B-74A5-4625-A594-D5C1117BFB33}.Release|Any CPU.ActiveCfg = Release|Any CPU
		{415F245B-74A5-4625-A594-D5C1117BFB33}.Release|Any CPU.Build.0 = Release|Any CPU
		{3E4FB668-8587-429F-A2B7-DB030C47030F}.Debug|Any CPU.ActiveCfg = Debug|Any CPU
		{3E4FB668-8587-429F-A2B7-DB030C47030F}.Debug|Any CPU.Build.0 = Debug|Any CPU
		{3E4FB668-8587-429F-A2B7-DB030C47030F}.Release|Any CPU.ActiveCfg = Release|Any CPU
		{3E4FB668-8587-429F-A2B7-DB030C47030F}.Release|Any CPU.Build.0 = Release|Any CPU
		{A3F7C698-053A-4444-A419-C9E804D0127C}.Debug|Any CPU.ActiveCfg = Debug|Any CPU
		{A3F7C698-053A-4444-A419-C9E804D0127C}.Debug|Any CPU.Build.0 = Debug|Any CPU
		{A3F7C698-053A-4444-A419-C9E804D0127C}.Release|Any CPU.ActiveCfg = Release|Any CPU
		{A3F7C698-053A-4444-A419-C9E804D0127C}.Release|Any CPU.Build.0 = Release|Any CPU
	EndGlobalSection
	GlobalSection(SolutionProperties) = preSolution
		HideSolutionNode = FALSE
	EndGlobalSection
	GlobalSection(NestedProjects) = preSolution
		{C31E5447-7B79-4BAB-BEA6-4FA98A8BCE6E} = {4F94E299-B6B8-440C-8733-13F3D566E6CA}
		{1B92A3EB-7AC6-4B03-8A8E-A20EFA51F6F3} = {4F94E299-B6B8-440C-8733-13F3D566E6CA}
		{8E5CD7CF-A99A-4D7F-9CE9-36852505D083} = {4F94E299-B6B8-440C-8733-13F3D566E6CA}
		{5F0091EC-25D6-4738-8784-FDFEC460CE39} = {4F94E299-B6B8-440C-8733-13F3D566E6CA}
		{285EDF0D-212E-4AE6-B7D9-24129D96704C} = {4F94E299-B6B8-440C-8733-13F3D566E6CA}
		{EDFAB2ED-75EC-4D3F-B5EA-89E737EC195F} = {571A7CE9-C3B9-482A-B058-E749BE191CE6}
		{FD28E693-5283-473B-8327-B2D767A47A06} = {571A7CE9-C3B9-482A-B058-E749BE191CE6}
		{E25911EF-D378-4A83-A247-564CC76D0FB3} = {571A7CE9-C3B9-482A-B058-E749BE191CE6}
		{C32FC037-8CBF-49B9-A51E-CD20010FDF4F} = {571A7CE9-C3B9-482A-B058-E749BE191CE6}
		{A038F708-B3E7-459D-8409-429D9CE31DCE} = {571A7CE9-C3B9-482A-B058-E749BE191CE6}
		{291A0229-ED4B-4516-85DF-6B4DFF541E78} = {EB101C50-F066-4EA3-9BB3-4F08B9E390E5}
		{47FA65FE-4AEC-4C03-A71A-CBE5B58380C2} = {EB101C50-F066-4EA3-9BB3-4F08B9E390E5}
		{3F2CFAB7-F054-460C-BA37-8CB05A0D4C63} = {EB101C50-F066-4EA3-9BB3-4F08B9E390E5}
		{20CE62E9-6819-460F-8B78-11991EAF93F5} = {EB101C50-F066-4EA3-9BB3-4F08B9E390E5}
		{FA6FB235-7DD4-4DE1-8585-74617A0C71EB} = {15FB4697-1762-41A2-A975-65540B1720D2}
		{B3B87A8E-DAC0-460B-8BE4-053BB13CCABB} = {15FB4697-1762-41A2-A975-65540B1720D2}
		{415F245B-74A5-4625-A594-D5C1117BFB33} = {15FB4697-1762-41A2-A975-65540B1720D2}
		{3E4FB668-8587-429F-A2B7-DB030C47030F} = {15FB4697-1762-41A2-A975-65540B1720D2}
		{A3F7C698-053A-4444-A419-C9E804D0127C} = {C31F1034-581E-44A9-BB0F-C960E0C93588}
	EndGlobalSection
	GlobalSection(ExtensibilityGlobals) = postSolution
		SolutionGuid = {31C6E7F4-65A9-445D-99A4-B5CC7986808A}
	EndGlobalSection
EndGlobal
